
Microsoft Visual Studio Solution File, Format Version 12.00
# Visual Studio 2013
VisualStudioVersion = 12.0.40629.0
MinimumVisualStudioVersion = 10.0.40219.1
Project("{FAE04EC0-301F-11D3-BF4B-00C04F79EFBC}") = "Yalla.GoogleApis", "Yalla.GoogleApis\Yalla.GoogleApis.csproj", "{E049E242-4CC0-421F-AD83-058322393F4C}"
EndProject
Project("{2150E333-8FDC-42A3-9474-1A3956D46DE8}") = "Solution Items", "Solution Items", "{9576107F-139D-4024-8C00-3DF475917CBF}"
	ProjectSection(SolutionItems) = preProject
		..\LICENSE = ..\LICENSE
		..\NOTICE = ..\NOTICE
		..\README.md = ..\README.md
		..\README.txt = ..\README.txt
		..\Yalla.GoogleApis.nuspec = ..\Yalla.GoogleApis.nuspec
	EndProjectSection
EndProject
Global
	GlobalSection(SolutionConfigurationPlatforms) = preSolution
		Debug|Any CPU = Debug|Any CPU
		Release|Any CPU = Release|Any CPU
	EndGlobalSection
	GlobalSection(ProjectConfigurationPlatforms) = postSolution
		{E049E242-4CC0-421F-AD83-058322393F4C}.Debug|Any CPU.ActiveCfg = Debug|Any CPU
		{E049E242-4CC0-421F-AD83-058322393F4C}.Debug|Any CPU.Build.0 = Debug|Any CPU
		{E049E242-4CC0-421F-AD83-058322393F4C}.Release|Any CPU.ActiveCfg = Release|Any CPU
		{E049E242-4CC0-421F-AD83-058322393F4C}.Release|Any CPU.Build.0 = Release|Any CPU
	EndGlobalSection
	GlobalSection(SolutionProperties) = preSolution
		HideSolutionNode = FALSE
	EndGlobalSection
EndGlobal
